// !$*UTF8*$!
{
	archiveVersion = 1;
	classes = {
	};
	objectVersion = 46;
	objects = {

/* Begin PBXBuildFile section */
		9ED5F1471F5A5DA200B4AF27 /* AppDelegate.swift in Sources */ = {isa = PBXBuildFile; fileRef = 9ED5F1461F5A5DA200B4AF27 /* AppDelegate.swift */; };
		9ED5F1491F5A5DA200B4AF27 /* ViewController.swift in Sources */ = {isa = PBXBuildFile; fileRef = 9ED5F1481F5A5DA200B4AF27 /* ViewController.swift */; };
		9ED5F14C1F5A5DA200B4AF27 /* Main.storyboard in Resources */ = {isa = PBXBuildFile; fileRef = 9ED5F14A1F5A5DA200B4AF27 /* Main.storyboard */; };
		9ED5F14E1F5A5DA200B4AF27 /* Assets.xcassets in Resources */ = {isa = PBXBuildFile; fileRef = 9ED5F14D1F5A5DA200B4AF27 /* Assets.xcassets */; };
		9ED5F1511F5A5DA200B4AF27 /* LaunchScreen.storyboard in Resources */ = {isa = PBXBuildFile; fileRef = 9ED5F14F1F5A5DA200B4AF27 /* LaunchScreen.storyboard */; };
/* End PBXBuildFile section */

/* Begin PBXFileReference section */
		9ED5F1431F5A5DA200B4AF27 /* TicTacToe.app */ = {isa = PBXFileReference; explicitFileType = wrapper.application; includeInIndex = 0; path = TicTacToe.app; sourceTree = BUILT_PRODUCTS_DIR; };
		9ED5F1461F5A5DA200B4AF27 /* AppDelegate.swift */ = {isa = PBXFileReference; lastKnownFileType = sourcecode.swift; path = AppDelegate.swift; sourceTree = "<group>"; };
		9ED5F1481F5A5DA200B4AF27 /* ViewController.swift */ = {isa = PBXFileReference; lastKnownFileType = sourcecode.swift; path = ViewController.swift; sourceTree = "<group>"; };
		9ED5F14B1F5A5DA200B4AF27 /* Base */ = {isa = PBXFileReference; lastKnownFileType = file.storyboard; name = Base; path = Base.lproj/Main.storyboard; sourceTree = "<group>"; };
		9ED5F14D1F5A5DA200B4AF27 /* Assets.xcassets */ = {isa = PBXFileReference; lastKnownFileType = folder.assetcatalog; path = Assets.xcassets; sourceTree = "<group>"; };
		9ED5F1501F5A5DA200B4AF27 /* Base */ = {isa = PBXFileReference; lastKnownFileType = file.storyboard; name = Base; path = Base.lproj/LaunchScreen.storyboard; sourceTree = "<group>"; };
		9ED5F1521F5A5DA200B4AF27 /* Info.plist */ = {isa = PBXFileReference; lastKnownFileType = text.plist.xml; path = Info.plist; sourceTree = "<group>"; };
/* End PBXFileReference section */

/* Begin PBXFrameworksBuildPhase section */
		9ED5F1401F5A5DA200B4AF27 /* Frameworks */ = {
			isa = PBXFrameworksBuildPhase;
			buildActionMask = 2147483647;
			files = (
			);
			runOnlyForDeploymentPostprocessing = 0;
		};
/* End PBXFrameworksBuildPhase section */

/* Begin PBXGroup section */
		9ED5F13A1F5A5DA200B4AF27 = {
			isa = PBXGroup;
			children = (
				9ED5F1451F5A5DA200B4AF27 /* TicTacToe */,
				9ED5F1441F5A5DA200B4AF27 /* Products */,
			);
			sourceTree = "<group>";
		};
		9ED5F1441F5A5DA200B4AF27 /* Products */ = {
			isa = PBXGroup;
			children = (
				9ED5F1431F5A5DA200B4AF27 /* TicTacToe.app */,
			);
			name = Products;
			sourceTree = "<group>";
		};
		9ED5F1451F5A5DA200B4AF27 /* TicTacToe */ = {
			isa = PBXGroup;
			children = (
				9ED5F1461F5A5DA200B4AF27 /* AppDelegate.swift */,
				9ED5F1481F5A5DA200B4AF27 /* ViewController.swift */,
				9ED5F14A1F5A5DA200B4AF27 /* Main.storyboard */,
				9ED5F14D1F5A5DA200B4AF27 /* Assets.xcassets */,
				9ED5F14F1F5A5DA200B4AF27 /* LaunchScreen.storyboard */,
				9ED5F1521F5A5DA200B4AF27 /* Info.plist */,
			);
			path = TicTacToe;
			sourceTree = "<group>";
		};
/* End PBXGroup section */

/* Begin PBXNativeTarget section */
		9ED5F1421F5A5DA200B4AF27 /* TicTacToe */ = {
			isa = PBXNativeTarget;
			buildConfigurationList = 9ED5F1551F5A5DA200B4AF27 /* Build configuration list for PBXNativeTarget "TicTacToe" */;
			buildPhases = (
				9ED5F13F1F5A5DA200B4AF27 /* Sources */,
				9ED5F1401F5A5DA200B4AF27 /* Frameworks */,
				9ED5F1411F5A5DA200B4AF27 /* Resources */,
			);
			buildRules = (
			);
			dependencies = (
			);
			name = TicTacToe;
			productName = TicTacToe;
			productReference = 9ED5F1431F5A5DA200B4AF27 /* TicTacToe.app */;
			productType = "com.apple.product-type.application";
		};
/* End PBXNativeTarget section */

/* Begin PBXProject section */
		9ED5F13B1F5A5DA200B4AF27 /* Project object */ = {
			isa = PBXProject;
			attributes = {
				LastSwiftUpdateCheck = 0830;
				LastUpgradeCheck = 0830;
				ORGANIZATIONNAME = "Ainor Syahrizal";
				TargetAttributes = {
					9ED5F1421F5A5DA200B4AF27 = {
						CreatedOnToolsVersion = 8.3.3;
						DevelopmentTeam = Z8FHF7KZ5S;
						ProvisioningStyle = Automatic;
					};
				};
			};
			buildConfigurationList = 9ED5F13E1F5A5DA200B4AF27 /* Build configuration list for PBXProject "TicTacToe" */;
			compatibilityVersion = "Xcode 3.2";
			developmentRegion = English;
			hasScannedForEncodings = 0;
			knownRegions = (
				en,
				Base,
			);
			mainGroup = 9ED5F13A1F5A5DA200B4AF27;
			productRefGroup = 9ED5F1441F5A5DA200B4AF27 /* Products */;
			projectDirPath = "";
			projectRoot = "";
			targets = (
				9ED5F1421F5A5DA200B4AF27 /* TicTacToe */,
			);
		};
/* End PBXProject section */

/* Begin PBXResourcesBuildPhase section */
		9ED5F1411F5A5DA200B4AF27 /* Resources */ = {
			isa = PBXResourcesBuildPhase;
			buildActionMask = 2147483647;
			files = (
				9ED5F1511F5A5DA200B4AF27 /* LaunchScreen.storyboard in Resources */,
				9ED5F14E1F5A5DA200B4AF27 /* Assets.xcassets in Resources */,
				9ED5F14C1F5A5DA200B4AF27 /* Main.storyboard in Resources */,
			);
			runOnlyForDeploymentPostprocessing = 0;
		};
/* End PBXResourcesBuildPhase section */

/* Begin PBXSourcesBuildPhase section */
		9ED5F13F1F5A5DA200B4AF27 /* Sources */ = {
			isa = PBXSourcesBuildPhase;
			buildActionMask = 2147483647;
			files = (
				9ED5F1491F5A5DA200B4AF27 /* ViewController.swift in Sources */,
				9ED5F1471F5A5DA200B4AF27 /* AppDelegate.swift in Sources */,
			);
			runOnlyForDeploymentPostprocessing = 0;
		};
/* End PBXSourcesBuildPhase section */

/* Begin PBXVariantGroup section */
		9ED5F14A1F5A5DA200B4AF27 /* Main.storyboard */ = {
			isa = PBXVariantGroup;
			children = (
				9ED5F14B1F5A5DA200B4AF27 /* Base */,
			);
			name = Main.storyboard;
			sourceTree = "<group>";
		};
		9ED5F14F1F5A5DA200B4AF27 /* LaunchScreen.storyboard */ = {
			isa = PBXVariantGroup;
			children = (
				9ED5F1501F5A5DA200B4AF27 /* Base */,
			);
			name = LaunchScreen.storyboard;
			sourceTree = "<group>";
		};
/* End PBXVariantGroup section */

/* Begin XCBuildConfiguration section */
		9ED5F1531F5A5DA200B4AF27 /* Debug */ = {
			isa = XCBuildConfiguration;
			buildSettings = {
				ALWAYS_SEARCH_USER_PATHS = NO;
				CLANG_ANALYZER_NONNULL = YES;
				CLANG_ANALYZER_NUMBER_OBJECT_CONVERSION = YES_AGGRESSIVE;
				CLANG_CXX_LANGUAGE_STANDARD = "gnu++0x";
				CLANG_CXX_LIBRARY = "libc++";
				CLANG_ENABLE_MODULES = YES;
				CLANG_ENABLE_OBJC_ARC = YES;
				CLANG_WARN_BOOL_CONVERSION = YES;
				CLANG_WARN_CONSTANT_CONVERSION = YES;
				CLANG_WARN_DIRECT_OBJC_ISA_USAGE = YES_ERROR;
				CLANG_WARN_DOCUMENTATION_COMMENTS = YES;
				CLANG_WARN_EMPTY_BODY = YES;
				CLANG_WARN_ENUM_CONVERSION = YES;
				CLANG_WARN_INFINITE_RECURSION = YES;
				CLANG_WARN_INT_CONVERSION = YES;
				CLANG_WARN_OBJC_ROOT_CLASS = YES_ERROR;
				CLANG_WARN_SUSPICIOUS_MOVE = YES;
				CLANG_WARN_UNREACHABLE_CODE = YES;
				CLANG_WARN__DUPLICATE_METHOD_MATCH = YES;
				"CODE_SIGN_IDENTITY[sdk=iphoneos*]" = "iPhone Developer";
				COPY_PHASE_STRIP = NO;
				DEBUG_INFORMATION_FORMAT = dwarf;
				ENABLE_STRICT_OBJC_MSGSEND = YES;
				ENABLE_TESTABILITY = YES;
				GCC_C_LANGUAGE_STANDARD = gnu99;
				GCC_DYNAMIC_NO_PIC = NO;
				GCC_NO_COMMON_BLOCKS = YES;
				GCC_OPTIMIZATION_LEVEL = 0;
				GCC_PREPROCESSOR_DEFINITIONS = (
					"DEBUG=1",
					"$(inherited)",
				);
				GCC_WARN_64_TO_32_BIT_CONVERSION = YES;
				GCC_WARN_ABOUT_RETURN_TYPE = YES_ERROR;
				GCC_WARN_UNDECLARED_SELECTOR = YES;
				GCC_WARN_UNINITIALIZED_AUTOS = YES_AGGRESSIVE;
				GCC_WARN_UNUSED_FUNCTION = YES;
				GCC_WARN_UNUSED_VARIABLE = YES;
				IPHONEOS_DEPLOYMENT_TARGET = 10.3;
				MTL_ENABLE_DEBUG_INFO = YES;
				ONLY_ACTIVE_ARCH = YES;
				SDKROOT = iphoneos;
				SWIFT_ACTIVE_COMPILATION_CONDITIONS = DEBUG;
				SWIFT_OPTIMIZATION_LEVEL = "-Onone";
			};
			name = Debug;
		};
		9ED5F1541F5A5DA200B4AF27 /* Release */ = {
			isa = XCBuildConfiguration;
			buildSettings = {
				ALWAYS_SEARCH_USER_PATHS = NO;
				CLANG_ANALYZER_NONNULL = YES;
				CLANG_ANALYZER_NUMBER_OBJECT_CONVERSION = YES_AGGRESSIVE;
				CLANG_CXX_LANGUAGE_STANDARD = "gnu++0x";
				CLANG_CXX_LIBRARY = "libc++";
				CLANG_ENABLE_MODULES = YES;
				CLANG_ENABLE_OBJC_ARC = YES;
				CLANG_WARN_BOOL_CONVERSION = YES;
				CLANG_WARN_CONSTANT_CONVERSION = YES;
				CLANG_WARN_DIRECT_OBJC_ISA_USAGE = YES_ERROR;
				CLANG_WARN_DOCUMENTATION_COMMENTS = YES;
				CLANG_WARN_EMPTY_BODY = YES;
				CLANG_WARN_ENUM_CONVERSION = YES;
				CLANG_WARN_INFINITE_RECURSION = YES;
				CLANG_WARN_INT_CONVERSION = YES;
				CLANG_WARN_OBJC_ROOT_CLASS = YES_ERROR;
				CLANG_WARN_SUSPICIOUS_MOVE = YES;
				CLANG_WARN_UNREACHABLE_CODE = YES;
				CLANG_WARN__DUPLICATE_METHOD_MATCH = YES;
				"CODE_SIGN_IDENTITY[sdk=iphoneos*]" = "iPhone Developer";
				COPY_PHASE_STRIP = NO;
				DEBUG_INFORMATION_FORMAT = "dwarf-with-dsym";
				ENABLE_NS_ASSERTIONS = NO;
				ENABLE_STRICT_OBJC_MSGSEND = YES;
				GCC_C_LANGUAGE_STANDARD = gnu99;
				GCC_NO_COMMON_BLOCKS = YES;
				GCC_WARN_64_TO_32_BIT_CONVERSION = YES;
				GCC_WARN_ABOUT_RETURN_TYPE = YES_ERROR;
				GCC_WARN_UNDECLARED_SELECTOR = YES;
				GCC_WARN_UNINITIALIZED_AUTOS = YES_AGGRESSIVE;
				GCC_WARN_UNUSED_FUNCTION = YES;
				GCC_WARN_UNUSED_VARIABLE = YES;
				IPHONEOS_DEPLOYMENT_TARGET = 10.3;
				MTL_ENABLE_DEBUG_INFO = NO;
				SDKROOT = iphoneos;
				SWIFT_OPTIMIZATION_LEVEL = "-Owholemodule";
				VALIDATE_PRODUCT = YES;
			};
			name = Release;
		};
		9ED5F1561F5A5DA200B4AF27 /* Debug */ = {
			isa = XCBuildConfiguration;
			buildSettings = {
				ASSETCATALOG_COMPILER_APPICON_NAME = AppIcon;
				DEVELOPMENT_TEAM = Z8FHF7KZ5S;
				INFOPLIST_FILE = TicTacToe/Info.plist;
				LD_RUNPATH_SEARCH_PATHS = "$(inherited) @executable_path/Frameworks";
				PRODUCT_BUNDLE_IDENTIFIER = com.ainortech.TicTacToe;
				PRODUCT_NAME = "$(TARGET_NAME)";
				SWIFT_VERSION = 3.0;
			};
			name = Debug;
		};
		9ED5F1571F5A5DA200B4AF27 /* Release */ = {
			isa = XCBuildConfiguration;
			buildSettings = {
				ASSETCATALOG_COMPILER_APPICON_NAME = AppIcon;
				DEVELOPMENT_TEAM = Z8FHF7KZ5S;
				INFOPLIST_FILE = TicTacToe/Info.plist;
				LD_RUNPATH_SEARCH_PATHS = "$(inherited) @executable_path/Frameworks";
				PRODUCT_BUNDLE_IDENTIFIER = com.ainortech.TicTacToe;
				PRODUCT_NAME = "$(TARGET_NAME)";
				SWIFT_VERSION = 3.0;
			};
			name = Release;
		};
/* End XCBuildConfiguration section */

/* Begin XCConfigurationList section */
		9ED5F13E1F5A5DA200B4AF27 /* Build configuration list for PBXProject "TicTacToe" */ = {
			isa = XCConfigurationList;
			buildConfigurations = (
				9ED5F1531F5A5DA200B4AF27 /* Debug */,
				9ED5F1541F5A5DA200B4AF27 /* Release */,
			);
			defaultConfigurationIsVisible = 0;
			defaultConfigurationName = Release;
		};
		9ED5F1551F5A5DA200B4AF27 /* Build configuration list for PBXNativeTarget "TicTacToe" */ = {
			isa = XCConfigurationList;
			buildConfigurations = (
				9ED5F1561F5A5DA200B4AF27 /* Debug */,
				9ED5F1571F5A5DA200B4AF27 /* Release */,
			);
			defaultConfigurationIsVisible = 0;
		};
/* End XCConfigurationList section */
	};
	rootObject = 9ED5F13B1F5A5DA200B4AF27 /* Project object */;
}
